// !$*UTF8*$!
{
	archiveVersion = 1;
	classes = {
	};
	objectVersion = 50;
	objects = {

/* Begin PBXBuildFile section */
		843F3A2F21B35151005D876F /* AppDelegate.swift in Sources */ = {isa = PBXBuildFile; fileRef = 843F3A2E21B35151005D876F /* AppDelegate.swift */; };
		843F3A3121B35151005D876F /* ViewController.swift in Sources */ = {isa = PBXBuildFile; fileRef = 843F3A3021B35151005D876F /* ViewController.swift */; };
		843F3A3421B35151005D876F /* Main.storyboard in Resources */ = {isa = PBXBuildFile; fileRef = 843F3A3221B35151005D876F /* Main.storyboard */; };
		843F3A3621B35153005D876F /* Assets.xcassets in Resources */ = {isa = PBXBuildFile; fileRef = 843F3A3521B35153005D876F /* Assets.xcassets */; };
		843F3A3921B35153005D876F /* LaunchScreen.storyboard in Resources */ = {isa = PBXBuildFile; fileRef = 843F3A3721B35153005D876F /* LaunchScreen.storyboard */; };
		843F3A4421B35153005D876F /* WAWTests.swift in Sources */ = {isa = PBXBuildFile; fileRef = 843F3A4321B35153005D876F /* WAWTests.swift */; };
		843F3A4F21B35153005D876F /* WAWUITests.swift in Sources */ = {isa = PBXBuildFile; fileRef = 843F3A4E21B35153005D876F /* WAWUITests.swift */; };
/* End PBXBuildFile section */

/* Begin PBXContainerItemProxy section */
		843F3A4021B35153005D876F /* PBXContainerItemProxy */ = {
			isa = PBXContainerItemProxy;
			containerPortal = 843F3A2321B35151005D876F /* Project object */;
			proxyType = 1;
			remoteGlobalIDString = 843F3A2A21B35151005D876F;
			remoteInfo = WAW;
		};
		843F3A4B21B35153005D876F /* PBXContainerItemProxy */ = {
			isa = PBXContainerItemProxy;
			containerPortal = 843F3A2321B35151005D876F /* Project object */;
			proxyType = 1;
			remoteGlobalIDString = 843F3A2A21B35151005D876F;
			remoteInfo = WAW;
		};
/* End PBXContainerItemProxy section */

/* Begin PBXFileReference section */
		843F3A2B21B35151005D876F /* WAW.app */ = {isa = PBXFileReference; explicitFileType = wrapper.application; includeInIndex = 0; path = WAW.app; sourceTree = BUILT_PRODUCTS_DIR; };
		843F3A2E21B35151005D876F /* AppDelegate.swift */ = {isa = PBXFileReference; lastKnownFileType = sourcecode.swift; path = AppDelegate.swift; sourceTree = "<group>"; };
		843F3A3021B35151005D876F /* ViewController.swift */ = {isa = PBXFileReference; lastKnownFileType = sourcecode.swift; path = ViewController.swift; sourceTree = "<group>"; };
		843F3A3321B35151005D876F /* Base */ = {isa = PBXFileReference; lastKnownFileType = file.storyboard; name = Base; path = Base.lproj/Main.storyboard; sourceTree = "<group>"; };
		843F3A3521B35153005D876F /* Assets.xcassets */ = {isa = PBXFileReference; lastKnownFileType = folder.assetcatalog; path = Assets.xcassets; sourceTree = "<group>"; };
		843F3A3821B35153005D876F /* Base */ = {isa = PBXFileReference; lastKnownFileType = file.storyboard; name = Base; path = Base.lproj/LaunchScreen.storyboard; sourceTree = "<group>"; };
		843F3A3A21B35153005D876F /* Info.plist */ = {isa = PBXFileReference; lastKnownFileType = text.plist.xml; path = Info.plist; sourceTree = "<group>"; };
		843F3A3F21B35153005D876F /* WAWTests.xctest */ = {isa = PBXFileReference; explicitFileType = wrapper.cfbundle; includeInIndex = 0; path = WAWTests.xctest; sourceTree = BUILT_PRODUCTS_DIR; };
		843F3A4321B35153005D876F /* WAWTests.swift */ = {isa = PBXFileReference; lastKnownFileType = sourcecode.swift; path = WAWTests.swift; sourceTree = "<group>"; };
		843F3A4521B35153005D876F /* Info.plist */ = {isa = PBXFileReference; lastKnownFileType = text.plist.xml; path = Info.plist; sourceTree = "<group>"; };
		843F3A4A21B35153005D876F /* WAWUITests.xctest */ = {isa = PBXFileReference; explicitFileType = wrapper.cfbundle; includeInIndex = 0; path = WAWUITests.xctest; sourceTree = BUILT_PRODUCTS_DIR; };
		843F3A4E21B35153005D876F /* WAWUITests.swift */ = {isa = PBXFileReference; lastKnownFileType = sourcecode.swift; path = WAWUITests.swift; sourceTree = "<group>"; };
		843F3A5021B35153005D876F /* Info.plist */ = {isa = PBXFileReference; lastKnownFileType = text.plist.xml; path = Info.plist; sourceTree = "<group>"; };
/* End PBXFileReference section */

/* Begin PBXFrameworksBuildPhase section */
		843F3A2821B35151005D876F /* Frameworks */ = {
			isa = PBXFrameworksBuildPhase;
			buildActionMask = 2147483647;
			files = (
			);
			runOnlyForDeploymentPostprocessing = 0;
		};
		843F3A3C21B35153005D876F /* Frameworks */ = {
			isa = PBXFrameworksBuildPhase;
			buildActionMask = 2147483647;
			files = (
			);
			runOnlyForDeploymentPostprocessing = 0;
		};
		843F3A4721B35153005D876F /* Frameworks */ = {
			isa = PBXFrameworksBuildPhase;
			buildActionMask = 2147483647;
			files = (
			);
			runOnlyForDeploymentPostprocessing = 0;
		};
/* End PBXFrameworksBuildPhase section */

/* Begin PBXGroup section */
		843F3A2221B35151005D876F = {
			isa = PBXGroup;
			children = (
				843F3A2D21B35151005D876F /* WAW */,
				843F3A4221B35153005D876F /* WAWTests */,
				843F3A4D21B35153005D876F /* WAWUITests */,
				843F3A2C21B35151005D876F /* Products */,
			);
			sourceTree = "<group>";
		};
		843F3A2C21B35151005D876F /* Products */ = {
			isa = PBXGroup;
			children = (
				843F3A2B21B35151005D876F /* WAW.app */,
				843F3A3F21B35153005D876F /* WAWTests.xctest */,
				843F3A4A21B35153005D876F /* WAWUITests.xctest */,
			);
			name = Products;
			sourceTree = "<group>";
		};
		843F3A2D21B35151005D876F /* WAW */ = {
			isa = PBXGroup;
			children = (
				843F3A2E21B35151005D876F /* AppDelegate.swift */,
				843F3A3021B35151005D876F /* ViewController.swift */,
				843F3A3221B35151005D876F /* Main.storyboard */,
				843F3A3521B35153005D876F /* Assets.xcassets */,
				843F3A3721B35153005D876F /* LaunchScreen.storyboard */,
				843F3A3A21B35153005D876F /* Info.plist */,
			);
			path = WAW;
			sourceTree = "<group>";
		};
		843F3A4221B35153005D876F /* WAWTests */ = {
			isa = PBXGroup;
			children = (
				843F3A4321B35153005D876F /* WAWTests.swift */,
				843F3A4521B35153005D876F /* Info.plist */,
			);
			path = WAWTests;
			sourceTree = "<group>";
		};
		843F3A4D21B35153005D876F /* WAWUITests */ = {
			isa = PBXGroup;
			children = (
				843F3A4E21B35153005D876F /* WAWUITests.swift */,
				843F3A5021B35153005D876F /* Info.plist */,
			);
			path = WAWUITests;
			sourceTree = "<group>";
		};
/* End PBXGroup section */

/* Begin PBXNativeTarget section */
		843F3A2A21B35151005D876F /* WAW */ = {
			isa = PBXNativeTarget;
			buildConfigurationList = 843F3A5321B35153005D876F /* Build configuration list for PBXNativeTarget "WAW" */;
			buildPhases = (
				843F3A2721B35151005D876F /* Sources */,
				843F3A2821B35151005D876F /* Frameworks */,
				843F3A2921B35151005D876F /* Resources */,
			);
			buildRules = (
			);
			dependencies = (
			);
			name = WAW;
			productName = WAW;
			productReference = 843F3A2B21B35151005D876F /* WAW.app */;
			productType = "com.apple.product-type.application";
		};
		843F3A3E21B35153005D876F /* WAWTests */ = {
			isa = PBXNativeTarget;
			buildConfigurationList = 843F3A5621B35153005D876F /* Build configuration list for PBXNativeTarget "WAWTests" */;
			buildPhases = (
				843F3A3B21B35153005D876F /* Sources */,
				843F3A3C21B35153005D876F /* Frameworks */,
				843F3A3D21B35153005D876F /* Resources */,
			);
			buildRules = (
			);
			dependencies = (
				843F3A4121B35153005D876F /* PBXTargetDependency */,
			);
			name = WAWTests;
			productName = WAWTests;
			productReference = 843F3A3F21B35153005D876F /* WAWTests.xctest */;
			productType = "com.apple.product-type.bundle.unit-test";
		};
		843F3A4921B35153005D876F /* WAWUITests */ = {
			isa = PBXNativeTarget;
			buildConfigurationList = 843F3A5921B35153005D876F /* Build configuration list for PBXNativeTarget "WAWUITests" */;
			buildPhases = (
				843F3A4621B35153005D876F /* Sources */,
				843F3A4721B35153005D876F /* Frameworks */,
				843F3A4821B35153005D876F /* Resources */,
			);
			buildRules = (
			);
			dependencies = (
				843F3A4C21B35153005D876F /* PBXTargetDependency */,
			);
			name = WAWUITests;
			productName = WAWUITests;
			productReference = 843F3A4A21B35153005D876F /* WAWUITests.xctest */;
			productType = "com.apple.product-type.bundle.ui-testing";
		};
/* End PBXNativeTarget section */

/* Begin PBXProject section */
		843F3A2321B35151005D876F /* Project object */ = {
			isa = PBXProject;
			attributes = {
				KnownAssetTags = (
					css,
				);
				LastSwiftUpdateCheck = 1010;
				LastUpgradeCheck = 1010;
				ORGANIZATIONNAME = "Sebastian Faul";
				TargetAttributes = {
					843F3A2A21B35151005D876F = {
						CreatedOnToolsVersion = 10.1;
					};
					843F3A3E21B35153005D876F = {
						CreatedOnToolsVersion = 10.1;
						TestTargetID = 843F3A2A21B35151005D876F;
					};
					843F3A4921B35153005D876F = {
						CreatedOnToolsVersion = 10.1;
						TestTargetID = 843F3A2A21B35151005D876F;
					};
				};
			};
			buildConfigurationList = 843F3A2621B35151005D876F /* Build configuration list for PBXProject "WAW" */;
			compatibilityVersion = "Xcode 9.3";
			developmentRegion = en;
			hasScannedForEncodings = 0;
			knownRegions = (
				en,
				Base,
			);
			mainGroup = 843F3A2221B35151005D876F;
			productRefGroup = 843F3A2C21B35151005D876F /* Products */;
			projectDirPath = "";
			projectRoot = "";
			targets = (
				843F3A2A21B35151005D876F /* WAW */,
				843F3A3E21B35153005D876F /* WAWTests */,
				843F3A4921B35153005D876F /* WAWUITests */,
			);
		};
/* End PBXProject section */

/* Begin PBXResourcesBuildPhase section */
		843F3A2921B35151005D876F /* Resources */ = {
			isa = PBXResourcesBuildPhase;
			buildActionMask = 2147483647;
			files = (
				843F3A3921B35153005D876F /* LaunchScreen.storyboard in Resources */,
				843F3A3621B35153005D876F /* Assets.xcassets in Resources */,
				843F3A3421B35151005D876F /* Main.storyboard in Resources */,
			);
			runOnlyForDeploymentPostprocessing = 0;
		};
		843F3A3D21B35153005D876F /* Resources */ = {
			isa = PBXResourcesBuildPhase;
			buildActionMask = 2147483647;
			files = (
			);
			runOnlyForDeploymentPostprocessing = 0;
		};
		843F3A4821B35153005D876F /* Resources */ = {
			isa = PBXResourcesBuildPhase;
			buildActionMask = 2147483647;
			files = (
			);
			runOnlyForDeploymentPostprocessing = 0;
		};
/* End PBXResourcesBuildPhase section */

/* Begin PBXSourcesBuildPhase section */
		843F3A2721B35151005D876F /* Sources */ = {
			isa = PBXSourcesBuildPhase;
			buildActionMask = 2147483647;
			files = (
				843F3A3121B35151005D876F /* ViewController.swift in Sources */,
				843F3A2F21B35151005D876F /* AppDelegate.swift in Sources */,
			);
			runOnlyForDeploymentPostprocessing = 0;
		};
		843F3A3B21B35153005D876F /* Sources */ = {
			isa = PBXSourcesBuildPhase;
			buildActionMask = 2147483647;
			files = (
				843F3A4421B35153005D876F /* WAWTests.swift in Sources */,
			);
			runOnlyForDeploymentPostprocessing = 0;
		};
		843F3A4621B35153005D876F /* Sources */ = {
			isa = PBXSourcesBuildPhase;
			buildActionMask = 2147483647;
			files = (
				843F3A4F21B35153005D876F /* WAWUITests.swift in Sources */,
			);
			runOnlyForDeploymentPostprocessing = 0;
		};
/* End PBXSourcesBuildPhase section */

/* Begin PBXTargetDependency section */
		843F3A4121B35153005D876F /* PBXTargetDependency */ = {
			isa = PBXTargetDependency;
			target = 843F3A2A21B35151005D876F /* WAW */;
			targetProxy = 843F3A4021B35153005D876F /* PBXContainerItemProxy */;
		};
		843F3A4C21B35153005D876F /* PBXTargetDependency */ = {
			isa = PBXTargetDependency;
			target = 843F3A2A21B35151005D876F /* WAW */;
			targetProxy = 843F3A4B21B35153005D876F /* PBXContainerItemProxy */;
		};
/* End PBXTargetDependency section */

/* Begin PBXVariantGroup section */
		843F3A3221B35151005D876F /* Main.storyboard */ = {
			isa = PBXVariantGroup;
			children = (
				843F3A3321B35151005D876F /* Base */,
			);
			name = Main.storyboard;
			sourceTree = "<group>";
		};
		843F3A3721B35153005D876F /* LaunchScreen.storyboard */ = {
			isa = PBXVariantGroup;
			children = (
				843F3A3821B35153005D876F /* Base */,
			);
			name = LaunchScreen.storyboard;
			sourceTree = "<group>";
		};
/* End PBXVariantGroup section */

/* Begin XCBuildConfiguration section */
		843F3A5121B35153005D876F /* Debug */ = {
			isa = XCBuildConfiguration;
			buildSettings = {
				ALWAYS_SEARCH_USER_PATHS = NO;
				CLANG_ANALYZER_NONNULL = YES;
				CLANG_ANALYZER_NUMBER_OBJECT_CONVERSION = YES_AGGRESSIVE;
				CLANG_CXX_LANGUAGE_STANDARD = "gnu++14";
				CLANG_CXX_LIBRARY = "libc++";
				CLANG_ENABLE_MODULES = YES;
				CLANG_ENABLE_OBJC_ARC = YES;
				CLANG_ENABLE_OBJC_WEAK = YES;
				CLANG_WARN_BLOCK_CAPTURE_AUTORELEASING = YES;
				CLANG_WARN_BOOL_CONVERSION = YES;
				CLANG_WARN_COMMA = YES;
				CLANG_WARN_CONSTANT_CONVERSION = YES;
				CLANG_WARN_DEPRECATED_OBJC_IMPLEMENTATIONS = YES;
				CLANG_WARN_DIRECT_OBJC_ISA_USAGE = YES_ERROR;
				CLANG_WARN_DOCUMENTATION_COMMENTS = YES;
				CLANG_WARN_EMPTY_BODY = YES;
				CLANG_WARN_ENUM_CONVERSION = YES;
				CLANG_WARN_INFINITE_RECURSION = YES;
				CLANG_WARN_INT_CONVERSION = YES;
				CLANG_WARN_NON_LITERAL_NULL_CONVERSION = YES;
				CLANG_WARN_OBJC_IMPLICIT_RETAIN_SELF = YES;
				CLANG_WARN_OBJC_LITERAL_CONVERSION = YES;
				CLANG_WARN_OBJC_ROOT_CLASS = YES_ERROR;
				CLANG_WARN_RANGE_LOOP_ANALYSIS = YES;
				CLANG_WARN_STRICT_PROTOTYPES = YES;
				CLANG_WARN_SUSPICIOUS_MOVE = YES;
				CLANG_WARN_UNGUARDED_AVAILABILITY = YES_AGGRESSIVE;
				CLANG_WARN_UNREACHABLE_CODE = YES;
				CLANG_WARN__DUPLICATE_METHOD_MATCH = YES;
				CODE_SIGN_IDENTITY = "iPhone Developer";
				COPY_PHASE_STRIP = NO;
				DEBUG_INFORMATION_FORMAT = dwarf;
				ENABLE_STRICT_OBJC_MSGSEND = YES;
				ENABLE_TESTABILITY = YES;
				GCC_C_LANGUAGE_STANDARD = gnu11;
				GCC_DYNAMIC_NO_PIC = NO;
				GCC_NO_COMMON_BLOCKS = YES;
				GCC_OPTIMIZATION_LEVEL = 0;
				GCC_PREPROCESSOR_DEFINITIONS = (
					"DEBUG=1",
					"$(inherited)",
				);
				GCC_WARN_64_TO_32_BIT_CONVERSION = YES;
				GCC_WARN_ABOUT_RETURN_TYPE = YES_ERROR;
				GCC_WARN_UNDECLARED_SELECTOR = YES;
				GCC_WARN_UNINITIALIZED_AUTOS = YES_AGGRESSIVE;
				GCC_WARN_UNUSED_FUNCTION = YES;
				GCC_WARN_UNUSED_VARIABLE = YES;
				IPHONEOS_DEPLOYMENT_TARGET = 12.1;
				MTL_ENABLE_DEBUG_INFO = INCLUDE_SOURCE;
				MTL_FAST_MATH = YES;
				ONLY_ACTIVE_ARCH = YES;
				SDKROOT = iphoneos;
				SWIFT_ACTIVE_COMPILATION_CONDITIONS = DEBUG;
				SWIFT_OPTIMIZATION_LEVEL = "-Onone";
			};
			name = Debug;
		};
		843F3A5221B35153005D876F /* Release */ = {
			isa = XCBuildConfiguration;
			buildSettings = {
				ALWAYS_SEARCH_USER_PATHS = NO;
				CLANG_ANALYZER_NONNULL = YES;
				CLANG_ANALYZER_NUMBER_OBJECT_CONVERSION = YES_AGGRESSIVE;
				CLANG_CXX_LANGUAGE_STANDARD = "gnu++14";
				CLANG_CXX_LIBRARY = "libc++";
				CLANG_ENABLE_MODULES = YES;
				CLANG_ENABLE_OBJC_ARC = YES;
				CLANG_ENABLE_OBJC_WEAK = YES;
				CLANG_WARN_BLOCK_CAPTURE_AUTORELEASING = YES;
				CLANG_WARN_BOOL_CONVERSION = YES;
				CLANG_WARN_COMMA = YES;
				CLANG_WARN_CONSTANT_CONVERSION = YES;
				CLANG_WARN_DEPRECATED_OBJC_IMPLEMENTATIONS = YES;
				CLANG_WARN_DIRECT_OBJC_ISA_USAGE = YES_ERROR;
				CLANG_WARN_DOCUMENTATION_COMMENTS = YES;
				CLANG_WARN_EMPTY_BODY = YES;
				CLANG_WARN_ENUM_CONVERSION = YES;
				CLANG_WARN_INFINITE_RECURSION = YES;
				CLANG_WARN_INT_CONVERSION = YES;
				CLANG_WARN_NON_LITERAL_NULL_CONVERSION = YES;
				CLANG_WARN_OBJC_IMPLICIT_RETAIN_SELF = YES;
				CLANG_WARN_OBJC_LITERAL_CONVERSION = YES;
				CLANG_WARN_OBJC_ROOT_CLASS = YES_ERROR;
				CLANG_WARN_RANGE_LOOP_ANALYSIS = YES;
				CLANG_WARN_STRICT_PROTOTYPES = YES;
				CLANG_WARN_SUSPICIOUS_MOVE = YES;
				CLANG_WARN_UNGUARDED_AVAILABILITY = YES_AGGRESSIVE;
				CLANG_WARN_UNREACHABLE_CODE = YES;
				CLANG_WARN__DUPLICATE_METHOD_MATCH = YES;
				CODE_SIGN_IDENTITY = "iPhone Developer";
				COPY_PHASE_STRIP = NO;
				DEBUG_INFORMATION_FORMAT = "dwarf-with-dsym";
				ENABLE_NS_ASSERTIONS = NO;
				ENABLE_STRICT_OBJC_MSGSEND = YES;
				GCC_C_LANGUAGE_STANDARD = gnu11;
				GCC_NO_COMMON_BLOCKS = YES;
				GCC_WARN_64_TO_32_BIT_CONVERSION = YES;
				GCC_WARN_ABOUT_RETURN_TYPE = YES_ERROR;
				GCC_WARN_UNDECLARED_SELECTOR = YES;
				GCC_WARN_UNINITIALIZED_AUTOS = YES_AGGRESSIVE;
				GCC_WARN_UNUSED_FUNCTION = YES;
				GCC_WARN_UNUSED_VARIABLE = YES;
				IPHONEOS_DEPLOYMENT_TARGET = 12.1;
				MTL_ENABLE_DEBUG_INFO = NO;
				MTL_FAST_MATH = YES;
				SDKROOT = iphoneos;
				SWIFT_COMPILATION_MODE = wholemodule;
				SWIFT_OPTIMIZATION_LEVEL = "-O";
				VALIDATE_PRODUCT = YES;
			};
			name = Release;
		};
		843F3A5421B35153005D876F /* Debug */ = {
			isa = XCBuildConfiguration;
			buildSettings = {
				ASSETCATALOG_COMPILER_APPICON_NAME = AppIcon;
				CODE_SIGN_STYLE = Automatic;
				DEVELOPMENT_TEAM = 78DBA7829A;
				INFOPLIST_FILE = WAW/Info.plist;
				LD_RUNPATH_SEARCH_PATHS = (
					"$(inherited)",
					"@executable_path/Frameworks",
				);
				PRODUCT_BUNDLE_IDENTIFIER = faul.com.de.WAW;
				PRODUCT_NAME = "$(TARGET_NAME)";
				SWIFT_VERSION = 4.2;
				TARGETED_DEVICE_FAMILY = 2;
			};
			name = Debug;
		};
		843F3A5521B35153005D876F /* Release */ = {
			isa = XCBuildConfiguration;
			buildSettings = {
				ASSETCATALOG_COMPILER_APPICON_NAME = AppIcon;
				CODE_SIGN_STYLE = Automatic;
				DEVELOPMENT_TEAM = 78DBA7829A;
				INFOPLIST_FILE = WAW/Info.plist;
				LD_RUNPATH_SEARCH_PATHS = (
					"$(inherited)",
					"@executable_path/Frameworks",
				);
				PRODUCT_BUNDLE_IDENTIFIER = faul.com.de.WAW;
				PRODUCT_NAME = "$(TARGET_NAME)";
				SWIFT_VERSION = 4.2;
				TARGETED_DEVICE_FAMILY = 2;
			};
			name = Release;
		};
		843F3A5721B35153005D876F /* Debug */ = {
			isa = XCBuildConfiguration;
			buildSettings = {
				ALWAYS_EMBED_SWIFT_STANDARD_LIBRARIES = YES;
				BUNDLE_LOADER = "$(TEST_HOST)";
				CODE_SIGN_STYLE = Automatic;
				DEVELOPMENT_TEAM = 78DBA7829A;
				INFOPLIST_FILE = WAWTests/Info.plist;
				LD_RUNPATH_SEARCH_PATHS = (
					"$(inherited)",
					"@executable_path/Frameworks",
					"@loader_path/Frameworks",
				);
				PRODUCT_BUNDLE_IDENTIFIER = faul.com.de.WAWTests;
				PRODUCT_NAME = "$(TARGET_NAME)";
				SWIFT_VERSION = 4.2;
				TARGETED_DEVICE_FAMILY = "1,2";
				TEST_HOST = "$(BUILT_PRODUCTS_DIR)/WAW.app/WAW";
			};
			name = Debug;
		};
		843F3A5821B35153005D876F /* Release */ = {
			isa = XCBuildConfiguration;
			buildSettings = {
				ALWAYS_EMBED_SWIFT_STANDARD_LIBRARIES = YES;
				BUNDLE_LOADER = "$(TEST_HOST)";
				CODE_SIGN_STYLE = Automatic;
				DEVELOPMENT_TEAM = 78DBA7829A;
				INFOPLIST_FILE = WAWTests/Info.plist;
				LD_RUNPATH_SEARCH_PATHS = (
					"$(inherited)",
					"@executable_path/Frameworks",
					"@loader_path/Frameworks",
				);
				PRODUCT_BUNDLE_IDENTIFIER = faul.com.de.WAWTests;
				PRODUCT_NAME = "$(TARGET_NAME)";
				SWIFT_VERSION = 4.2;
				TARGETED_DEVICE_FAMILY = "1,2";
				TEST_HOST = "$(BUILT_PRODUCTS_DIR)/WAW.app/WAW";
			};
			name = Release;
		};
		843F3A5A21B35153005D876F /* Debug */ = {
			isa = XCBuildConfiguration;
			buildSettings = {
				ALWAYS_EMBED_SWIFT_STANDARD_LIBRARIES = YES;
				CODE_SIGN_STYLE = Automatic;
				DEVELOPMENT_TEAM = 78DBA7829A;
				INFOPLIST_FILE = WAWUITests/Info.plist;
				LD_RUNPATH_SEARCH_PATHS = (
					"$(inherited)",
					"@executable_path/Frameworks",
					"@loader_path/Frameworks",
				);
				PRODUCT_BUNDLE_IDENTIFIER = faul.com.de.WAWUITests;
				PRODUCT_NAME = "$(TARGET_NAME)";
				SWIFT_VERSION = 4.2;
				TARGETED_DEVICE_FAMILY = "1,2";
				TEST_TARGET_NAME = WAW;
			};
			name = Debug;
		};
		843F3A5B21B35153005D876F /* Release */ = {
			isa = XCBuildConfiguration;
			buildSettings = {
				ALWAYS_EMBED_SWIFT_STANDARD_LIBRARIES = YES;
				CODE_SIGN_STYLE = Automatic;
				DEVELOPMENT_TEAM = 78DBA7829A;
				INFOPLIST_FILE = WAWUITests/Info.plist;
				LD_RUNPATH_SEARCH_PATHS = (
					"$(inherited)",
					"@executable_path/Frameworks",
					"@loader_path/Frameworks",
				);
				PRODUCT_BUNDLE_IDENTIFIER = faul.com.de.WAWUITests;
				PRODUCT_NAME = "$(TARGET_NAME)";
				SWIFT_VERSION = 4.2;
				TARGETED_DEVICE_FAMILY = "1,2";
				TEST_TARGET_NAME = WAW;
			};
			name = Release;
		};
/* End XCBuildConfiguration section */

/* Begin XCConfigurationList section */
		843F3A2621B35151005D876F /* Build configuration list for PBXProject "WAW" */ = {
			isa = XCConfigurationList;
			buildConfigurations = (
				843F3A5121B35153005D876F /* Debug */,
				843F3A5221B35153005D876F /* Release */,
			);
			defaultConfigurationIsVisible = 0;
			defaultConfigurationName = Release;
		};
		843F3A5321B35153005D876F /* Build configuration list for PBXNativeTarget "WAW" */ = {
			isa = XCConfigurationList;
			buildConfigurations = (
				843F3A5421B35153005D876F /* Debug */,
				843F3A5521B35153005D876F /* Release */,
			);
			defaultConfigurationIsVisible = 0;
			defaultConfigurationName = Release;
		};
		843F3A5621B35153005D876F /* Build configuration list for PBXNativeTarget "WAWTests" */ = {
			isa = XCConfigurationList;
			buildConfigurations = (
				843F3A5721B35153005D876F /* Debug */,
				843F3A5821B35153005D876F /* Release */,
			);
			defaultConfigurationIsVisible = 0;
			defaultConfigurationName = Release;
		};
		843F3A5921B35153005D876F /* Build configuration list for PBXNativeTarget "WAWUITests" */ = {
			isa = XCConfigurationList;
			buildConfigurations = (
				843F3A5A21B35153005D876F /* Debug */,
				843F3A5B21B35153005D876F /* Release */,
			);
			defaultConfigurationIsVisible = 0;
			defaultConfigurationName = Release;
		};
/* End XCConfigurationList section */
	};
	rootObject = 843F3A2321B35151005D876F /* Project object */;
}
